
Microsoft Visual Studio Solution File, Format Version 12.00
# Visual Studio Version 16
VisualStudioVersion = 16.0.29306.81
MinimumVisualStudioVersion = 10.0.40219.1
Project("{FAE04EC0-301F-11D3-BF4B-00C04F79EFBC}") = "AddScript.Desktop", "Examples\Lua\AddScript\AddScript.Desktop.csproj", "{A3356FC2-6E11-48D0-AE47-933BB005A091}"
EndProject
Project("{FAE04EC0-301F-11D3-BF4B-00C04F79EFBC}") = "BackgroundColor.Desktop", "Examples\Lua\BackgroundColor\BackgroundColor.Desktop.csproj", "{917E5159-CF5A-4F33-AEE5-82DB145FFEBB}"
EndProject
Project("{FAE04EC0-301F-11D3-BF4B-00C04F79EFBC}") = "Button.Desktop", "Examples\Lua\Button\Button.Desktop.csproj", "{D9CCA310-9DFD-4353-8F79-3C4BE5BEFB3E}"
EndProject
Project("{FAE04EC0-301F-11D3-BF4B-00C04F79EFBC}") = "CalculateDistance.Desktop", "Examples\Lua\CalculateDistance\CalculateDistance.Desktop.csproj", "{5F84F77C-4B96-470E-B6E1-FEC39157DD2D}"
EndProject
Project("{FAE04EC0-301F-11D3-BF4B-00C04F79EFBC}") = "CalculateIndex.Desktop", "Examples\Lua\CalculateIndex\CalculateIndex.Desktop.csproj", "{4E6C91D7-7D3C-4B90-B3D6-3360C8E8C1D9}"
EndProject
Project("{FAE04EC0-301F-11D3-BF4B-00C04F79EFBC}") = "CalculatePosition.Desktop", "Examples\Lua\CalculatePosition\CalculatePosition.Desktop.csproj", "{60047ABC-4849-4F9C-80F9-42C9B367B375}"
EndProject
Project("{FAE04EC0-301F-11D3-BF4B-00C04F79EFBC}") = "CharacterToPixelData.Desktop", "Examples\Lua\CharacterToPixelData\CharacterToPixelData.Desktop.csproj", "{D15C5136-38D7-4E07-A0AE-BC5631FD3F1C}"
EndProject
Project("{FAE04EC0-301F-11D3-BF4B-00C04F79EFBC}") = "Clamp.Desktop", "Examples\Lua\Clamp\Clamp.Desktop.csproj", "{370DAC7C-8C06-431C-9BEA-C30753F9FAC2}"
EndProject
Project("{FAE04EC0-301F-11D3-BF4B-00C04F79EFBC}") = "Clear.Desktop", "Examples\Lua\Clear\Clear.Desktop.csproj", "{D08C95FD-57AC-4758-BB1B-EC414F7E8CD1}"
EndProject
Project("{FAE04EC0-301F-11D3-BF4B-00C04F79EFBC}") = "Color.Desktop", "Examples\Lua\Color\Color.Desktop.csproj", "{2C0763D3-F45B-48AE-A2A2-B48D2CB2A23F}"
EndProject
Global
	GlobalSection(SolutionConfigurationPlatforms) = preSolution
		Debug|Any CPU = Debug|Any CPU
		Debug|x64 = Debug|x64
		Debug|x86 = Debug|x86
		Release|Any CPU = Release|Any CPU
		Release|x64 = Release|x64
		Release|x86 = Release|x86
	EndGlobalSection
	GlobalSection(ProjectConfigurationPlatforms) = postSolution
		{A3356FC2-6E11-48D0-AE47-933BB005A091}.Debug|Any CPU.ActiveCfg = Debug|Any CPU
		{A3356FC2-6E11-48D0-AE47-933BB005A091}.Debug|Any CPU.Build.0 = Debug|Any CPU
		{A3356FC2-6E11-48D0-AE47-933BB005A091}.Debug|x64.ActiveCfg = Debug|Any CPU
		{A3356FC2-6E11-48D0-AE47-933BB005A091}.Debug|x64.Build.0 = Debug|Any CPU
		{A3356FC2-6E11-48D0-AE47-933BB005A091}.Debug|x86.ActiveCfg = Debug|Any CPU
		{A3356FC2-6E11-48D0-AE47-933BB005A091}.Debug|x86.Build.0 = Debug|Any CPU
		{A3356FC2-6E11-48D0-AE47-933BB005A091}.Release|Any CPU.ActiveCfg = Release|Any CPU
		{A3356FC2-6E11-48D0-AE47-933BB005A091}.Release|Any CPU.Build.0 = Release|Any CPU
		{A3356FC2-6E11-48D0-AE47-933BB005A091}.Release|x64.ActiveCfg = Release|Any CPU
		{A3356FC2-6E11-48D0-AE47-933BB005A091}.Release|x64.Build.0 = Release|Any CPU
		{A3356FC2-6E11-48D0-AE47-933BB005A091}.Release|x86.ActiveCfg = Release|Any CPU
		{A3356FC2-6E11-48D0-AE47-933BB005A091}.Release|x86.Build.0 = Release|Any CPU
		{917E5159-CF5A-4F33-AEE5-82DB145FFEBB}.Debug|Any CPU.ActiveCfg = Debug|Any CPU
		{917E5159-CF5A-4F33-AEE5-82DB145FFEBB}.Debug|Any CPU.Build.0 = Debug|Any CPU
		{917E5159-CF5A-4F33-AEE5-82DB145FFEBB}.Debug|x64.ActiveCfg = Debug|Any CPU
		{917E5159-CF5A-4F33-AEE5-82DB145FFEBB}.Debug|x64.Build.0 = Debug|Any CPU
		{917E5159-CF5A-4F33-AEE5-82DB145FFEBB}.Debug|x86.ActiveCfg = Debug|Any CPU
		{917E5159-CF5A-4F33-AEE5-82DB145FFEBB}.Debug|x86.Build.0 = Debug|Any CPU
		{917E5159-CF5A-4F33-AEE5-82DB145FFEBB}.Release|Any CPU.ActiveCfg = Release|Any CPU
		{917E5159-CF5A-4F33-AEE5-82DB145FFEBB}.Release|Any CPU.Build.0 = Release|Any CPU
		{917E5159-CF5A-4F33-AEE5-82DB145FFEBB}.Release|x64.ActiveCfg = Release|Any CPU
		{917E5159-CF5A-4F33-AEE5-82DB145FFEBB}.Release|x64.Build.0 = Release|Any CPU
		{917E5159-CF5A-4F33-AEE5-82DB145FFEBB}.Release|x86.ActiveCfg = Release|Any CPU
		{917E5159-CF5A-4F33-AEE5-82DB145FFEBB}.Release|x86.Build.0 = Release|Any CPU
		{D9CCA310-9DFD-4353-8F79-3C4BE5BEFB3E}.Debug|Any CPU.ActiveCfg = Debug|Any CPU
		{D9CCA310-9DFD-4353-8F79-3C4BE5BEFB3E}.Debug|Any CPU.Build.0 = Debug|Any CPU
		{D9CCA310-9DFD-4353-8F79-3C4BE5BEFB3E}.Debug|x64.ActiveCfg = Debug|Any CPU
		{D9CCA310-9DFD-4353-8F79-3C4BE5BEFB3E}.Debug|x64.Build.0 = Debug|Any CPU
		{D9CCA310-9DFD-4353-8F79-3C4BE5BEFB3E}.Debug|x86.ActiveCfg = Debug|Any CPU
		{D9CCA310-9DFD-4353-8F79-3C4BE5BEFB3E}.Debug|x86.Build.0 = Debug|Any CPU
		{D9CCA310-9DFD-4353-8F79-3C4BE5BEFB3E}.Release|Any CPU.ActiveCfg = Release|Any CPU
		{D9CCA310-9DFD-4353-8F79-3C4BE5BEFB3E}.Release|Any CPU.Build.0 = Release|Any CPU
		{D9CCA310-9DFD-4353-8F79-3C4BE5BEFB3E}.Release|x64.ActiveCfg = Release|Any CPU
		{D9CCA310-9DFD-4353-8F79-3C4BE5BEFB3E}.Release|x64.Build.0 = Release|Any CPU
		{D9CCA310-9DFD-4353-8F79-3C4BE5BEFB3E}.Release|x86.ActiveCfg = Release|Any CPU
		{D9CCA310-9DFD-4353-8F79-3C4BE5BEFB3E}.Release|x86.Build.0 = Release|Any CPU
		{5F84F77C-4B96-470E-B6E1-FEC39157DD2D}.Debug|Any CPU.ActiveCfg = Debug|Any CPU
		{5F84F77C-4B96-470E-B6E1-FEC39157DD2D}.Debug|Any CPU.Build.0 = Debug|Any CPU
		{5F84F77C-4B96-470E-B6E1-FEC39157DD2D}.Debug|x64.ActiveCfg = Debug|Any CPU
		{5F84F77C-4B96-470E-B6E1-FEC39157DD2D}.Debug|x64.Build.0 = Debug|Any CPU
		{5F84F77C-4B96-470E-B6E1-FEC39157DD2D}.Debug|x86.ActiveCfg = Debug|Any CPU
		{5F84F77C-4B96-470E-B6E1-FEC39157DD2D}.Debug|x86.Build.0 = Debug|Any CPU
		{5F84F77C-4B96-470E-B6E1-FEC39157DD2D}.Release|Any CPU.ActiveCfg = Release|Any CPU
		{5F84F77C-4B96-470E-B6E1-FEC39157DD2D}.Release|Any CPU.Build.0 = Release|Any CPU
		{5F84F77C-4B96-470E-B6E1-FEC39157DD2D}.Release|x64.ActiveCfg = Release|Any CPU
		{5F84F77C-4B96-470E-B6E1-FEC39157DD2D}.Release|x64.Build.0 = Release|Any CPU
		{5F84F77C-4B96-470E-B6E1-FEC39157DD2D}.Release|x86.ActiveCfg = Release|Any CPU
		{5F84F77C-4B96-470E-B6E1-FEC39157DD2D}.Release|x86.Build.0 = Release|Any CPU
		{4E6C91D7-7D3C-4B90-B3D6-3360C8E8C1D9}.Debug|Any CPU.ActiveCfg = Debug|Any CPU
		{4E6C91D7-7D3C-4B90-B3D6-3360C8E8C1D9}.Debug|Any CPU.Build.0 = Debug|Any CPU
		{4E6C91D7-7D3C-4B90-B3D6-3360C8E8C1D9}.Debug|x64.ActiveCfg = Debug|Any CPU
		{4E6C91D7-7D3C-4B90-B3D6-3360C8E8C1D9}.Debug|x64.Build.0 = Debug|Any CPU
		{4E6C91D7-7D3C-4B90-B3D6-3360C8E8C1D9}.Debug|x86.ActiveCfg = Debug|Any CPU
		{4E6C91D7-7D3C-4B90-B3D6-3360C8E8C1D9}.Debug|x86.Build.0 = Debug|Any CPU
		{4E6C91D7-7D3C-4B90-B3D6-3360C8E8C1D9}.Release|Any CPU.ActiveCfg = Release|Any CPU
		{4E6C91D7-7D3C-4B90-B3D6-3360C8E8C1D9}.Release|Any CPU.Build.0 = Release|Any CPU
		{4E6C91D7-7D3C-4B90-B3D6-3360C8E8C1D9}.Release|x64.ActiveCfg = Release|Any CPU
		{4E6C91D7-7D3C-4B90-B3D6-3360C8E8C1D9}.Release|x64.Build.0 = Release|Any CPU
		{4E6C91D7-7D3C-4B90-B3D6-3360C8E8C1D9}.Release|x86.ActiveCfg = Release|Any CPU
		{4E6C91D7-7D3C-4B90-B3D6-3360C8E8C1D9}.Release|x86.Build.0 = Release|Any CPU
		{60047ABC-4849-4F9C-80F9-42C9B367B375}.Debug|Any CPU.ActiveCfg = Debug|Any CPU
		{60047ABC-4849-4F9C-80F9-42C9B367B375}.Debug|Any CPU.Build.0 = Debug|Any CPU
		{60047ABC-4849-4F9C-80F9-42C9B367B375}.Debug|x64.ActiveCfg = Debug|Any CPU
		{60047ABC-4849-4F9C-80F9-42C9B367B375}.Debug|x64.Build.0 = Debug|Any CPU
		{60047ABC-4849-4F9C-80F9-42C9B367B375}.Debug|x86.ActiveCfg = Debug|Any CPU
		{60047ABC-4849-4F9C-80F9-42C9B367B375}.Debug|x86.Build.0 = Debug|Any CPU
		{60047ABC-4849-4F9C-80F9-42C9B367B375}.Release|Any CPU.ActiveCfg = Release|Any CPU
		{60047ABC-4849-4F9C-80F9-42C9B367B375}.Release|Any CPU.Build.0 = Release|Any CPU
		{60047ABC-4849-4F9C-80F9-42C9B367B375}.Release|x64.ActiveCfg = Release|Any CPU
		{60047ABC-4849-4F9C-80F9-42C9B367B375}.Release|x64.Build.0 = Release|Any CPU
		{60047ABC-4849-4F9C-80F9-42C9B367B375}.Release|x86.ActiveCfg = Release|Any CPU
		{60047ABC-4849-4F9C-80F9-42C9B367B375}.Release|x86.Build.0 = Release|Any CPU
		{D15C5136-38D7-4E07-A0AE-BC5631FD3F1C}.Debug|Any CPU.ActiveCfg = Debug|Any CPU
		{D15C5136-38D7-4E07-A0AE-BC5631FD3F1C}.Debug|Any CPU.Build.0 = Debug|Any CPU
		{D15C5136-38D7-4E07-A0AE-BC5631FD3F1C}.Debug|x64.ActiveCfg = Debug|Any CPU
		{D15C5136-38D7-4E07-A0AE-BC5631FD3F1C}.Debug|x64.Build.0 = Debug|Any CPU
		{D15C5136-38D7-4E07-A0AE-BC5631FD3F1C}.Debug|x86.ActiveCfg = Debug|Any CPU
		{D15C5136-38D7-4E07-A0AE-BC5631FD3F1C}.Debug|x86.Build.0 = Debug|Any CPU
		{D15C5136-38D7-4E07-A0AE-BC5631FD3F1C}.Release|Any CPU.ActiveCfg = Release|Any CPU
		{D15C5136-38D7-4E07-A0AE-BC5631FD3F1C}.Release|Any CPU.Build.0 = Release|Any CPU
		{D15C5136-38D7-4E07-A0AE-BC5631FD3F1C}.Release|x64.ActiveCfg = Release|Any CPU
		{D15C5136-38D7-4E07-A0AE-BC5631FD3F1C}.Release|x64.Build.0 = Release|Any CPU
		{D15C5136-38D7-4E07-A0AE-BC5631FD3F1C}.Release|x86.ActiveCfg = Release|Any CPU
		{D15C5136-38D7-4E07-A0AE-BC5631FD3F1C}.Release|x86.Build.0 = Release|Any CPU
		{370DAC7C-8C06-431C-9BEA-C30753F9FAC2}.Debug|Any CPU.ActiveCfg = Debug|Any CPU
		{370DAC7C-8C06-431C-9BEA-C30753F9FAC2}.Debug|Any CPU.Build.0 = Debug|Any CPU
		{370DAC7C-8C06-431C-9BEA-C30753F9FAC2}.Debug|x64.ActiveCfg = Debug|Any CPU
		{370DAC7C-8C06-431C-9BEA-C30753F9FAC2}.Debug|x64.Build.0 = Debug|Any CPU
		{370DAC7C-8C06-431C-9BEA-C30753F9FAC2}.Debug|x86.ActiveCfg = Debug|Any CPU
		{370DAC7C-8C06-431C-9BEA-C30753F9FAC2}.Debug|x86.Build.0 = Debug|Any CPU
		{370DAC7C-8C06-431C-9BEA-C30753F9FAC2}.Release|Any CPU.ActiveCfg = Release|Any CPU
		{370DAC7C-8C06-431C-9BEA-C30753F9FAC2}.Release|Any CPU.Build.0 = Release|Any CPU
		{370DAC7C-8C06-431C-9BEA-C30753F9FAC2}.Release|x64.ActiveCfg = Release|Any CPU
		{370DAC7C-8C06-431C-9BEA-C30753F9FAC2}.Release|x64.Build.0 = Release|Any CPU
		{370DAC7C-8C06-431C-9BEA-C30753F9FAC2}.Release|x86.ActiveCfg = Release|Any CPU
		{370DAC7C-8C06-431C-9BEA-C30753F9FAC2}.Release|x86.Build.0 = Release|Any CPU
		{D08C95FD-57AC-4758-BB1B-EC414F7E8CD1}.Debug|Any CPU.ActiveCfg = Debug|Any CPU
		{D08C95FD-57AC-4758-BB1B-EC414F7E8CD1}.Debug|Any CPU.Build.0 = Debug|Any CPU
		{D08C95FD-57AC-4758-BB1B-EC414F7E8CD1}.Debug|x64.ActiveCfg = Debug|Any CPU
		{D08C95FD-57AC-4758-BB1B-EC414F7E8CD1}.Debug|x64.Build.0 = Debug|Any CPU
		{D08C95FD-57AC-4758-BB1B-EC414F7E8CD1}.Debug|x86.ActiveCfg = Debug|Any CPU
		{D08C95FD-57AC-4758-BB1B-EC414F7E8CD1}.Debug|x86.Build.0 = Debug|Any CPU
		{D08C95FD-57AC-4758-BB1B-EC414F7E8CD1}.Release|Any CPU.ActiveCfg = Release|Any CPU
		{D08C95FD-57AC-4758-BB1B-EC414F7E8CD1}.Release|Any CPU.Build.0 = Release|Any CPU
		{D08C95FD-57AC-4758-BB1B-EC414F7E8CD1}.Release|x64.ActiveCfg = Release|Any CPU
		{D08C95FD-57AC-4758-BB1B-EC414F7E8CD1}.Release|x64.Build.0 = Release|Any CPU
		{D08C95FD-57AC-4758-BB1B-EC414F7E8CD1}.Release|x86.ActiveCfg = Release|Any CPU
		{D08C95FD-57AC-4758-BB1B-EC414F7E8CD1}.Release|x86.Build.0 = Release|Any CPU
		{2C0763D3-F45B-48AE-A2A2-B48D2CB2A23F}.Debug|Any CPU.ActiveCfg = Debug|Any CPU
		{2C0763D3-F45B-48AE-A2A2-B48D2CB2A23F}.Debug|Any CPU.Build.0 = Debug|Any CPU
		{2C0763D3-F45B-48AE-A2A2-B48D2CB2A23F}.Debug|x64.ActiveCfg = Debug|Any CPU
		{2C0763D3-F45B-48AE-A2A2-B48D2CB2A23F}.Debug|x64.Build.0 = Debug|Any CPU
		{2C0763D3-F45B-48AE-A2A2-B48D2CB2A23F}.Debug|x86.ActiveCfg = Debug|Any CPU
		{2C0763D3-F45B-48AE-A2A2-B48D2CB2A23F}.Debug|x86.Build.0 = Debug|Any CPU
		{2C0763D3-F45B-48AE-A2A2-B48D2CB2A23F}.Release|Any CPU.ActiveCfg = Release|Any CPU
		{2C0763D3-F45B-48AE-A2A2-B48D2CB2A23F}.Release|Any CPU.Build.0 = Release|Any CPU
		{2C0763D3-F45B-48AE-A2A2-B48D2CB2A23F}.Release|x64.ActiveCfg = Release|Any CPU
		{2C0763D3-F45B-48AE-A2A2-B48D2CB2A23F}.Release|x64.Build.0 = Release|Any CPU
		{2C0763D3-F45B-48AE-A2A2-B48D2CB2A23F}.Release|x86.ActiveCfg = Release|Any CPU
		{2C0763D3-F45B-48AE-A2A2-B48D2CB2A23F}.Release|x86.Build.0 = Release|Any CPU
	EndGlobalSection
	GlobalSection(SolutionProperties) = preSolution
		HideSolutionNode = FALSE
	EndGlobalSection
	GlobalSection(ExtensibilityGlobals) = postSolution
		SolutionGuid = {F34BD1FF-9FB3-4809-B45D-C0B2DAB96D51}
	EndGlobalSection
	GlobalSection(MonoDevelopProperties) = preSolution
		version = 0.9.0
	EndGlobalSection
EndGlobal
